
Microsoft Visual Studio Solution File, Format Version 12.00
# Visual Studio 14
VisualStudioVersion = 14.0.25420.1
MinimumVisualStudioVersion = 10.0.40219.1
Project("{2150E333-8FDC-42A3-9474-1A3956D46DE8}") = "DotNetNinja.Wpf.ConfirmDialog", "DotNetNinja.Wpf.ConfirmDialog", "{282FF669-DFEB-4862-9201-643CE554EBFC}"
EndProject
Project("{FAE04EC0-301F-11D3-BF4B-00C04F79EFBC}") = "DotNetNinja.Wpf.ConfirmDialog", "DotNetNinja.Wpf.ConfirmDialog\DotNetNinja.Wpf.ConfirmDialog\DotNetNinja.Wpf.ConfirmDialog.csproj", "{3435EE17-CC43-4FA1-9B93-25CD96DA2F6F}"
EndProject
Project("{FAE04EC0-301F-11D3-BF4B-00C04F79EFBC}") = "DotNetNinja.Wpf.ConfirmDialog.Samples", "DotNetNinja.Wpf.ConfirmDialog\DotNetNinja.Wpf.ConfirmDialog.Samples\DotNetNinja.Wpf.ConfirmDialog.Samples.csproj", "{88CBC856-0A82-4F08-A962-F6D13A85ED36}"
EndProject
Project("{2150E333-8FDC-42A3-9474-1A3956D46DE8}") = "DotNetNinja.Wpf.Commands", "DotNetNinja.Wpf.Commands", "{6C7847D7-7CC3-483A-8BBD-BD77FEFB9A9E}"
EndProject
Project("{FAE04EC0-301F-11D3-BF4B-00C04F79EFBC}") = "DotNetNinja.Wpf.Commands", "DotNetNinja.Wpf.Commands\DotNetNinja.Wpf.Commands\DotNetNinja.Wpf.Commands.csproj", "{EACF21D2-33D2-4327-9574-946E08150F04}"
EndProject
Project("{2150E333-8FDC-42A3-9474-1A3956D46DE8}") = "DotNetNinja.TypeFiltering", "DotNetNinja.TypeFiltering", "{3FB36412-45D7-4C0C-AE2A-F40F1146321B}"
EndProject
Project("{8BB2217D-0F2D-49D1-97BC-3654ED321F3B}") = "DotNetNinja.TypeFiltering", "DotNetNinja.TypeFiltering\DotNetNinja.TypeFiltering\DotNetNinja.TypeFiltering.xproj", "{8E322526-27D0-43BD-A723-D36FEF254584}"
EndProject
Project("{8BB2217D-0F2D-49D1-97BC-3654ED321F3B}") = "DotNetNinja.TypeFiltering.Tests", "DotNetNinja.TypeFiltering\DotNetNinja.TypeFiltering.Tests\DotNetNinja.TypeFiltering.Tests.xproj", "{6D181C5C-DBBF-42BF-9674-33A167FA64FA}"
EndProject
Project("{2150E333-8FDC-42A3-9474-1A3956D46DE8}") = "DotNetNinja.NotifyPropertyChanged", "DotNetNinja.NotifyPropertyChanged", "{363338FA-73D7-45BB-9A24-E41A99FB829D}"
EndProject
Project("{8BB2217D-0F2D-49D1-97BC-3654ED321F3B}") = "DotNetNinja.NotifyPropertyChanged", "DotNetNinja.NotifyPropertyChanged\DotNetNinja.NotifyPropertyChanged\DotNetNinja.NotifyPropertyChanged.xproj", "{C7125BBE-4D86-48E5-9064-D0E0413F5F26}"
EndProject
Project("{8BB2217D-0F2D-49D1-97BC-3654ED321F3B}") = "DotNetNinja.NotifyPropertyChanged.Samples", "DotNetNinja.NotifyPropertyChanged\DotNetNinja.NotifyPropertyChanged.Samples\DotNetNinja.NotifyPropertyChanged.Samples.xproj", "{BBD68B4F-E504-480D-8219-7EC66CDC7B68}"
EndProject
Project("{8BB2217D-0F2D-49D1-97BC-3654ED321F3B}") = "DotNetNinja.NotifyPropertyChanged.Tests", "DotNetNinja.NotifyPropertyChanged\DotNetNinja.NotifyPropertyChanged.Tests\DotNetNinja.NotifyPropertyChanged.Tests.xproj", "{C0D778A7-4799-4631-9D6B-098B1B1B1853}"
EndProject
Project("{2150E333-8FDC-42A3-9474-1A3956D46DE8}") = "DotNetNinja.AspNetCore.ImageResizer", "DotNetNinja.AspNetCore.ImageResizer", "{7A64E636-4D6D-4C48-ABC1-2B8FF9B38225}"
EndProject
Project("{2150E333-8FDC-42A3-9474-1A3956D46DE8}") = "DotNetNinja.AspNetCore.UserAccess", "DotNetNinja.AspNetCore.UserAccess", "{A35E170E-56EC-4F10-B067-2524A535E142}"
EndProject
Project("{8BB2217D-0F2D-49D1-97BC-3654ED321F3B}") = "DotNetNinja.AspNetCore.ImageResizer", "DotNetNinja.AspNetCore.ImageResizer\DotNetNinja.AspNetCore.ImageResizer\DotNetNinja.AspNetCore.ImageResizer.xproj", "{8330FD63-B873-47A8-8081-53AD27D1EC5C}"
EndProject
Project("{8BB2217D-0F2D-49D1-97BC-3654ED321F3B}") = "DotNetNinja.AspNetCore.UserAccess", "DotNetNinja.AspNetCore.UserAccess\DotNetNinja.AspNetCore.UserAccess\DotNetNinja.AspNetCore.UserAccess.xproj", "{71BCD321-4A04-4C3C-95A4-26BB06CE1666}"
EndProject
Project("{8BB2217D-0F2D-49D1-97BC-3654ED321F3B}") = "DotNetNinja.AspNetCore.ImageResizer.Tests", "DotNetNinja.AspNetCore.ImageResizer\DotNetNinja.AspNetCore.ImageResizer.Tests\DotNetNinja.AspNetCore.ImageResizer.Tests.xproj", "{346B58A0-703C-479D-ACFE-1276A131445C}"
EndProject
Project("{8BB2217D-0F2D-49D1-97BC-3654ED321F3B}") = "DotNetNinja.AspNetCore.UserAccess.Tests", "DotNetNinja.AspNetCore.UserAccess\DotNetNinja.AspNetCore.UserAccess.Tests\DotNetNinja.AspNetCore.UserAccess.Tests.xproj", "{FA4ECDBB-1DFD-4465-852C-F427407A7C57}"
EndProject
Project("{2150E333-8FDC-42A3-9474-1A3956D46DE8}") = "DotNetNinja.Wpf.Mvvm", "DotNetNinja.Wpf.Mvvm", "{065A7EFF-0902-4C17-B85A-692618500514}"
EndProject
Project("{FAE04EC0-301F-11D3-BF4B-00C04F79EFBC}") = "DotNetNinja.Wpf.Mvvm", "DotNetNinja.Wpf.Mvvm\DotNetNinja.Wpf.Mvvm.csproj", "{C2AA53F3-FA84-46CA-9F25-C09CBF3F6E6D}"
EndProject
Global
	GlobalSection(SolutionConfigurationPlatforms) = preSolution
		Debug|Any CPU = Debug|Any CPU
		Release|Any CPU = Release|Any CPU
	EndGlobalSection
	GlobalSection(ProjectConfigurationPlatforms) = postSolution
		{3435EE17-CC43-4FA1-9B93-25CD96DA2F6F}.Debug|Any CPU.ActiveCfg = Debug|Any CPU
		{3435EE17-CC43-4FA1-9B93-25CD96DA2F6F}.Debug|Any CPU.Build.0 = Debug|Any CPU
		{3435EE17-CC43-4FA1-9B93-25CD96DA2F6F}.Release|Any CPU.ActiveCfg = Release|Any CPU
		{3435EE17-CC43-4FA1-9B93-25CD96DA2F6F}.Release|Any CPU.Build.0 = Release|Any CPU
		{88CBC856-0A82-4F08-A962-F6D13A85ED36}.Debug|Any CPU.ActiveCfg = Debug|Any CPU
		{88CBC856-0A82-4F08-A962-F6D13A85ED36}.Debug|Any CPU.Build.0 = Debug|Any CPU
		{88CBC856-0A82-4F08-A962-F6D13A85ED36}.Release|Any CPU.ActiveCfg = Release|Any CPU
		{88CBC856-0A82-4F08-A962-F6D13A85ED36}.Release|Any CPU.Build.0 = Release|Any CPU
		{EACF21D2-33D2-4327-9574-946E08150F04}.Debug|Any CPU.ActiveCfg = Debug|Any CPU
		{EACF21D2-33D2-4327-9574-946E08150F04}.Debug|Any CPU.Build.0 = Debug|Any CPU
		{EACF21D2-33D2-4327-9574-946E08150F04}.Release|Any CPU.ActiveCfg = Release|Any CPU
		{EACF21D2-33D2-4327-9574-946E08150F04}.Release|Any CPU.Build.0 = Release|Any CPU
		{8E322526-27D0-43BD-A723-D36FEF254584}.Debug|Any CPU.ActiveCfg = Debug|Any CPU
		{8E322526-27D0-43BD-A723-D36FEF254584}.Debug|Any CPU.Build.0 = Debug|Any CPU
		{8E322526-27D0-43BD-A723-D36FEF254584}.Release|Any CPU.ActiveCfg = Release|Any CPU
		{8E322526-27D0-43BD-A723-D36FEF254584}.Release|Any CPU.Build.0 = Release|Any CPU
		{6D181C5C-DBBF-42BF-9674-33A167FA64FA}.Debug|Any CPU.ActiveCfg = Debug|Any CPU
		{6D181C5C-DBBF-42BF-9674-33A167FA64FA}.Debug|Any CPU.Build.0 = Debug|Any CPU
		{6D181C5C-DBBF-42BF-9674-33A167FA64FA}.Release|Any CPU.ActiveCfg = Release|Any CPU
		{6D181C5C-DBBF-42BF-9674-33A167FA64FA}.Release|Any CPU.Build.0 = Release|Any CPU
		{C7125BBE-4D86-48E5-9064-D0E0413F5F26}.Debug|Any CPU.ActiveCfg = Debug|Any CPU
		{C7125BBE-4D86-48E5-9064-D0E0413F5F26}.Debug|Any CPU.Build.0 = Debug|Any CPU
		{C7125BBE-4D86-48E5-9064-D0E0413F5F26}.Release|Any CPU.ActiveCfg = Release|Any CPU
		{C7125BBE-4D86-48E5-9064-D0E0413F5F26}.Release|Any CPU.Build.0 = Release|Any CPU
		{BBD68B4F-E504-480D-8219-7EC66CDC7B68}.Debug|Any CPU.ActiveCfg = Debug|Any CPU
		{BBD68B4F-E504-480D-8219-7EC66CDC7B68}.Debug|Any CPU.Build.0 = Debug|Any CPU
		{BBD68B4F-E504-480D-8219-7EC66CDC7B68}.Release|Any CPU.ActiveCfg = Release|Any CPU
		{BBD68B4F-E504-480D-8219-7EC66CDC7B68}.Release|Any CPU.Build.0 = Release|Any CPU
		{C0D778A7-4799-4631-9D6B-098B1B1B1853}.Debug|Any CPU.ActiveCfg = Debug|Any CPU
		{C0D778A7-4799-4631-9D6B-098B1B1B1853}.Debug|Any CPU.Build.0 = Debug|Any CPU
		{C0D778A7-4799-4631-9D6B-098B1B1B1853}.Release|Any CPU.ActiveCfg = Release|Any CPU
		{C0D778A7-4799-4631-9D6B-098B1B1B1853}.Release|Any CPU.Build.0 = Release|Any CPU
		{8330FD63-B873-47A8-8081-53AD27D1EC5C}.Debug|Any CPU.ActiveCfg = Debug|Any CPU
		{8330FD63-B873-47A8-8081-53AD27D1EC5C}.Debug|Any CPU.Build.0 = Debug|Any CPU
		{8330FD63-B873-47A8-8081-53AD27D1EC5C}.Release|Any CPU.ActiveCfg = Release|Any CPU
		{8330FD63-B873-47A8-8081-53AD27D1EC5C}.Release|Any CPU.Build.0 = Release|Any CPU
		{71BCD321-4A04-4C3C-95A4-26BB06CE1666}.Debug|Any CPU.ActiveCfg = Debug|Any CPU
		{71BCD321-4A04-4C3C-95A4-26BB06CE1666}.Debug|Any CPU.Build.0 = Debug|Any CPU
		{71BCD321-4A04-4C3C-95A4-26BB06CE1666}.Release|Any CPU.ActiveCfg = Release|Any CPU
		{71BCD321-4A04-4C3C-95A4-26BB06CE1666}.Release|Any CPU.Build.0 = Release|Any CPU
		{346B58A0-703C-479D-ACFE-1276A131445C}.Debug|Any CPU.ActiveCfg = Debug|Any CPU
		{346B58A0-703C-479D-ACFE-1276A131445C}.Debug|Any CPU.Build.0 = Debug|Any CPU
		{346B58A0-703C-479D-ACFE-1276A131445C}.Release|Any CPU.ActiveCfg = Release|Any CPU
		{346B58A0-703C-479D-ACFE-1276A131445C}.Release|Any CPU.Build.0 = Release|Any CPU
		{FA4ECDBB-1DFD-4465-852C-F427407A7C57}.Debug|Any CPU.ActiveCfg = Debug|Any CPU
		{FA4ECDBB-1DFD-4465-852C-F427407A7C57}.Debug|Any CPU.Build.0 = Debug|Any CPU
		{FA4ECDBB-1DFD-4465-852C-F427407A7C57}.Release|Any CPU.ActiveCfg = Release|Any CPU
		{FA4ECDBB-1DFD-4465-852C-F427407A7C57}.Release|Any CPU.Build.0 = Release|Any CPU
		{C2AA53F3-FA84-46CA-9F25-C09CBF3F6E6D}.Debug|Any CPU.ActiveCfg = Debug|Any CPU
		{C2AA53F3-FA84-46CA-9F25-C09CBF3F6E6D}.Debug|Any CPU.Build.0 = Debug|Any CPU
		{C2AA53F3-FA84-46CA-9F25-C09CBF3F6E6D}.Release|Any CPU.ActiveCfg = Release|Any CPU
		{C2AA53F3-FA84-46CA-9F25-C09CBF3F6E6D}.Release|Any CPU.Build.0 = Release|Any CPU
	EndGlobalSection
	GlobalSection(SolutionProperties) = preSolution
		HideSolutionNode = FALSE
	EndGlobalSection
	GlobalSection(NestedProjects) = preSolution
		{3435EE17-CC43-4FA1-9B93-25CD96DA2F6F} = {282FF669-DFEB-4862-9201-643CE554EBFC}
		{88CBC856-0A82-4F08-A962-F6D13A85ED36} = {282FF669-DFEB-4862-9201-643CE554EBFC}
		{EACF21D2-33D2-4327-9574-946E08150F04} = {6C7847D7-7CC3-483A-8BBD-BD77FEFB9A9E}
		{8E322526-27D0-43BD-A723-D36FEF254584} = {3FB36412-45D7-4C0C-AE2A-F40F1146321B}
		{6D181C5C-DBBF-42BF-9674-33A167FA64FA} = {3FB36412-45D7-4C0C-AE2A-F40F1146321B}
		{C7125BBE-4D86-48E5-9064-D0E0413F5F26} = {363338FA-73D7-45BB-9A24-E41A99FB829D}
		{BBD68B4F-E504-480D-8219-7EC66CDC7B68} = {363338FA-73D7-45BB-9A24-E41A99FB829D}
		{C0D778A7-4799-4631-9D6B-098B1B1B1853} = {363338FA-73D7-45BB-9A24-E41A99FB829D}
		{8330FD63-B873-47A8-8081-53AD27D1EC5C} = {7A64E636-4D6D-4C48-ABC1-2B8FF9B38225}
		{71BCD321-4A04-4C3C-95A4-26BB06CE1666} = {A35E170E-56EC-4F10-B067-2524A535E142}
		{346B58A0-703C-479D-ACFE-1276A131445C} = {7A64E636-4D6D-4C48-ABC1-2B8FF9B38225}
		{FA4ECDBB-1DFD-4465-852C-F427407A7C57} = {A35E170E-56EC-4F10-B067-2524A535E142}
		{C2AA53F3-FA84-46CA-9F25-C09CBF3F6E6D} = {065A7EFF-0902-4C17-B85A-692618500514}
	EndGlobalSection
EndGlobal
